
Microsoft Visual Studio Solution File, Format Version 12.00
# Visual Studio Version 17
VisualStudioVersion = 17.1.32421.90
MinimumVisualStudioVersion = 10.0.40219.1
Project("{FAE04EC0-301F-11D3-BF4B-00C04F79EFBC}") = "MegaDesk-Duncan", "MegaDesk-Duncan.csproj", "{3C64E03E-7CDE-4BC4-8716-B41D98209318}"
EndProject
Global
	GlobalSection(SolutionConfigurationPlatforms) = preSolution
		Debug|Any CPU = Debug|Any CPU
		Release|Any CPU = Release|Any CPU
	EndGlobalSection
	GlobalSection(ProjectConfigurationPlatforms) = postSolution
		{3C64E03E-7CDE-4BC4-8716-B41D98209318}.Debug|Any CPU.ActiveCfg = Debug|Any CPU
		{3C64E03E-7CDE-4BC4-8716-B41D98209318}.Debug|Any CPU.Build.0 = Debug|Any CPU
		{3C64E03E-7CDE-4BC4-8716-B41D98209318}.Release|Any CPU.ActiveCfg = Release|Any CPU
		{3C64E03E-7CDE-4BC4-8716-B41D98209318}.Release|Any CPU.Build.0 = Release|Any CPU
	EndGlobalSection
	GlobalSection(SolutionProperties) = preSolution
		HideSolutionNode = FALSE
	EndGlobalSection
	GlobalSection(ExtensibilityGlobals) = postSolution
		SolutionGuid = {8628F86B-53FE-4A44-A1D6-56C474B1B774}
	EndGlobalSection
EndGlobal
